// !$*UTF8*$!
{
	archiveVersion = 1;
	classes = {
	};
	objectVersion = 56;
	objects = {

/* Begin PBXBuildFile section */
		510AA4292B64E07A00D3A78B /* UVSubviewController.swift in Sources */ = {isa = PBXBuildFile; fileRef = 510AA4282B64E07A00D3A78B /* UVSubviewController.swift */; };
		510AA42B2B64E96C00D3A78B /* PageViewController.swift in Sources */ = {isa = PBXBuildFile; fileRef = 510AA42A2B64E96C00D3A78B /* PageViewController.swift */; };
		5133D49A2B4F24DE0024419F /* GradientView.swift in Sources */ = {isa = PBXBuildFile; fileRef = 5133D4992B4F24DE0024419F /* GradientView.swift */; };
		5134E6122B4A57A900AD9F01 /* User.swift in Sources */ = {isa = PBXBuildFile; fileRef = 5134E6112B4A57A900AD9F01 /* User.swift */; };
		5134E6142B4A5B7700AD9F01 /* Pollutant.swift in Sources */ = {isa = PBXBuildFile; fileRef = 5134E6132B4A5B7700AD9F01 /* Pollutant.swift */; };
		5134E6162B4B947A00AD9F01 /* BLEManager.swift in Sources */ = {isa = PBXBuildFile; fileRef = 5134E6152B4B947A00AD9F01 /* BLEManager.swift */; };
		5134E6182B4D331D00AD9F01 /* TabViewController.swift in Sources */ = {isa = PBXBuildFile; fileRef = 5134E6172B4D331D00AD9F01 /* TabViewController.swift */; };
		51518B582B50B55A0001BE11 /* SQLite in Frameworks */ = {isa = PBXBuildFile; productRef = 51518B572B50B55A0001BE11 /* SQLite */; };
		516232C82B41657700186E99 /* AppDelegate.swift in Sources */ = {isa = PBXBuildFile; fileRef = 516232C72B41657700186E99 /* AppDelegate.swift */; };
		516232CA2B41657700186E99 /* SceneDelegate.swift in Sources */ = {isa = PBXBuildFile; fileRef = 516232C92B41657700186E99 /* SceneDelegate.swift */; };
		516232CC2B41657700186E99 /* HomeViewController.swift in Sources */ = {isa = PBXBuildFile; fileRef = 516232CB2B41657700186E99 /* HomeViewController.swift */; };
		516232CF2B41657700186E99 /* Main.storyboard in Resources */ = {isa = PBXBuildFile; fileRef = 516232CD2B41657700186E99 /* Main.storyboard */; };
		516232D12B41657800186E99 /* Assets.xcassets in Resources */ = {isa = PBXBuildFile; fileRef = 516232D02B41657800186E99 /* Assets.xcassets */; };
		516232D42B41657800186E99 /* LaunchScreen.storyboard in Resources */ = {isa = PBXBuildFile; fileRef = 516232D22B41657800186E99 /* LaunchScreen.storyboard */; };
		516232DF2B41657800186E99 /* ARMS_AppTests.swift in Sources */ = {isa = PBXBuildFile; fileRef = 516232DE2B41657800186E99 /* ARMS_AppTests.swift */; };
		516232E92B41657800186E99 /* ARMS_AppUITests.swift in Sources */ = {isa = PBXBuildFile; fileRef = 516232E82B41657800186E99 /* ARMS_AppUITests.swift */; };
		516232EB2B41657800186E99 /* ARMS_AppUITestsLaunchTests.swift in Sources */ = {isa = PBXBuildFile; fileRef = 516232EA2B41657800186E99 /* ARMS_AppUITestsLaunchTests.swift */; };
		516232F82B420DB500186E99 /* CBUUIDs.swift in Sources */ = {isa = PBXBuildFile; fileRef = 516232F72B420DB500186E99 /* CBUUIDs.swift */; };
		516232FA2B42832500186E99 /* CircularProgressBarView.swift in Sources */ = {isa = PBXBuildFile; fileRef = 516232F92B42832500186E99 /* CircularProgressBarView.swift */; };
		516865842B50DC5D0017316B /* ICloudManager.swift in Sources */ = {isa = PBXBuildFile; fileRef = 516865832B50DC5D0017316B /* ICloudManager.swift */; };
		516865862B5102640017316B /* Thresholds.swift in Sources */ = {isa = PBXBuildFile; fileRef = 516865852B5102640017316B /* Thresholds.swift */; };
		516865882B53B4BB0017316B /* NewUserViewController.swift in Sources */ = {isa = PBXBuildFile; fileRef = 516865872B53B4BB0017316B /* NewUserViewController.swift */; };
		5168658A2B53C5A80017316B /* AQINotify.swift in Sources */ = {isa = PBXBuildFile; fileRef = 516865892B53C5A80017316B /* AQINotify.swift */; };
		518039582B5D12DB00F536E7 /* AQINotificationViewController.swift in Sources */ = {isa = PBXBuildFile; fileRef = 518039572B5D12DB00F536E7 /* AQINotificationViewController.swift */; };
		518D8AE52B60DBAE0052E354 /* AQISubviewController.swift in Sources */ = {isa = PBXBuildFile; fileRef = 518D8AE42B60DBAE0052E354 /* AQISubviewController.swift */; };
		518D8AE82B60E34A0052E354 /* PollutantData.xcdatamodeld in Sources */ = {isa = PBXBuildFile; fileRef = 518D8AE62B60E34A0052E354 /* PollutantData.xcdatamodeld */; };
		51A313E22B6996CB00B71041 /* progressView.swift in Sources */ = {isa = PBXBuildFile; fileRef = 51A313E12B6996CB00B71041 /* progressView.swift */; };
		51A4B9F12B46859700CCF637 /* SettingsViewController.swift in Sources */ = {isa = PBXBuildFile; fileRef = 51A4B9F02B46859700CCF637 /* SettingsViewController.swift */; };
		51A4B9F32B468AF700CCF637 /* ExposureViewController.swift in Sources */ = {isa = PBXBuildFile; fileRef = 51A4B9F22B468AF700CCF637 /* ExposureViewController.swift */; };
		51A4B9F52B468E6600CCF637 /* ParseAQI.swift in Sources */ = {isa = PBXBuildFile; fileRef = 51A4B9F42B468E6600CCF637 /* ParseAQI.swift */; };
		51C57AE42B6A0C0C00B114AF /* UVMeter.swift in Sources */ = {isa = PBXBuildFile; fileRef = 51C57AE32B6A0C0C00B114AF /* UVMeter.swift */; };
		51C57AE62B6D8EEF00B114AF /* FullAQIView.swift in Sources */ = {isa = PBXBuildFile; fileRef = 51C57AE52B6D8EEF00B114AF /* FullAQIView.swift */; };
/* End PBXBuildFile section */

/* Begin PBXContainerItemProxy section */
		516232DB2B41657800186E99 /* PBXContainerItemProxy */ = {
			isa = PBXContainerItemProxy;
			containerPortal = 516232BC2B41657700186E99 /* Project object */;
			proxyType = 1;
			remoteGlobalIDString = 516232C32B41657700186E99;
			remoteInfo = "ARMS App";
		};
		516232E52B41657800186E99 /* PBXContainerItemProxy */ = {
			isa = PBXContainerItemProxy;
			containerPortal = 516232BC2B41657700186E99 /* Project object */;
			proxyType = 1;
			remoteGlobalIDString = 516232C32B41657700186E99;
			remoteInfo = "ARMS App";
		};
/* End PBXContainerItemProxy section */

/* Begin PBXFileReference section */
		510AA4282B64E07A00D3A78B /* UVSubviewController.swift */ = {isa = PBXFileReference; lastKnownFileType = sourcecode.swift; path = UVSubviewController.swift; sourceTree = "<group>"; };
		510AA42A2B64E96C00D3A78B /* PageViewController.swift */ = {isa = PBXFileReference; lastKnownFileType = sourcecode.swift; path = PageViewController.swift; sourceTree = "<group>"; };
		5133D4992B4F24DE0024419F /* GradientView.swift */ = {isa = PBXFileReference; lastKnownFileType = sourcecode.swift; path = GradientView.swift; sourceTree = "<group>"; };
		5134E6112B4A57A900AD9F01 /* User.swift */ = {isa = PBXFileReference; lastKnownFileType = sourcecode.swift; path = User.swift; sourceTree = "<group>"; };
		5134E6132B4A5B7700AD9F01 /* Pollutant.swift */ = {isa = PBXFileReference; lastKnownFileType = sourcecode.swift; path = Pollutant.swift; sourceTree = "<group>"; };
		5134E6152B4B947A00AD9F01 /* BLEManager.swift */ = {isa = PBXFileReference; lastKnownFileType = sourcecode.swift; path = BLEManager.swift; sourceTree = "<group>"; };
		5134E6172B4D331D00AD9F01 /* TabViewController.swift */ = {isa = PBXFileReference; lastKnownFileType = sourcecode.swift; path = TabViewController.swift; sourceTree = "<group>"; };
		516232C42B41657700186E99 /* ARMS App.app */ = {isa = PBXFileReference; explicitFileType = wrapper.application; includeInIndex = 0; path = "ARMS App.app"; sourceTree = BUILT_PRODUCTS_DIR; };
		516232C72B41657700186E99 /* AppDelegate.swift */ = {isa = PBXFileReference; lastKnownFileType = sourcecode.swift; path = AppDelegate.swift; sourceTree = "<group>"; };
		516232C92B41657700186E99 /* SceneDelegate.swift */ = {isa = PBXFileReference; lastKnownFileType = sourcecode.swift; path = SceneDelegate.swift; sourceTree = "<group>"; };
		516232CB2B41657700186E99 /* HomeViewController.swift */ = {isa = PBXFileReference; lastKnownFileType = sourcecode.swift; path = HomeViewController.swift; sourceTree = "<group>"; };
		516232CE2B41657700186E99 /* Base */ = {isa = PBXFileReference; lastKnownFileType = file.storyboard; name = Base; path = Base.lproj/Main.storyboard; sourceTree = "<group>"; };
		516232D02B41657800186E99 /* Assets.xcassets */ = {isa = PBXFileReference; lastKnownFileType = folder.assetcatalog; path = Assets.xcassets; sourceTree = "<group>"; };
		516232D32B41657800186E99 /* Base */ = {isa = PBXFileReference; lastKnownFileType = file.storyboard; name = Base; path = Base.lproj/LaunchScreen.storyboard; sourceTree = "<group>"; };
		516232D52B41657800186E99 /* Info.plist */ = {isa = PBXFileReference; lastKnownFileType = text.plist.xml; path = Info.plist; sourceTree = "<group>"; };
		516232DA2B41657800186E99 /* ARMS AppTests.xctest */ = {isa = PBXFileReference; explicitFileType = wrapper.cfbundle; includeInIndex = 0; path = "ARMS AppTests.xctest"; sourceTree = BUILT_PRODUCTS_DIR; };
		516232DE2B41657800186E99 /* ARMS_AppTests.swift */ = {isa = PBXFileReference; lastKnownFileType = sourcecode.swift; path = ARMS_AppTests.swift; sourceTree = "<group>"; };
		516232E42B41657800186E99 /* ARMS AppUITests.xctest */ = {isa = PBXFileReference; explicitFileType = wrapper.cfbundle; includeInIndex = 0; path = "ARMS AppUITests.xctest"; sourceTree = BUILT_PRODUCTS_DIR; };
		516232E82B41657800186E99 /* ARMS_AppUITests.swift */ = {isa = PBXFileReference; lastKnownFileType = sourcecode.swift; path = ARMS_AppUITests.swift; sourceTree = "<group>"; };
		516232EA2B41657800186E99 /* ARMS_AppUITestsLaunchTests.swift */ = {isa = PBXFileReference; lastKnownFileType = sourcecode.swift; path = ARMS_AppUITestsLaunchTests.swift; sourceTree = "<group>"; };
		516232F72B420DB500186E99 /* CBUUIDs.swift */ = {isa = PBXFileReference; lastKnownFileType = sourcecode.swift; path = CBUUIDs.swift; sourceTree = "<group>"; };
		516232F92B42832500186E99 /* CircularProgressBarView.swift */ = {isa = PBXFileReference; lastKnownFileType = sourcecode.swift; path = CircularProgressBarView.swift; sourceTree = "<group>"; };
		516865822B50BB150017316B /* ARMS App.entitlements */ = {isa = PBXFileReference; lastKnownFileType = text.plist.entitlements; path = "ARMS App.entitlements"; sourceTree = "<group>"; };
		516865832B50DC5D0017316B /* ICloudManager.swift */ = {isa = PBXFileReference; lastKnownFileType = sourcecode.swift; path = ICloudManager.swift; sourceTree = "<group>"; };
		516865852B5102640017316B /* Thresholds.swift */ = {isa = PBXFileReference; lastKnownFileType = sourcecode.swift; path = Thresholds.swift; sourceTree = "<group>"; };
		516865872B53B4BB0017316B /* NewUserViewController.swift */ = {isa = PBXFileReference; lastKnownFileType = sourcecode.swift; path = NewUserViewController.swift; sourceTree = "<group>"; };
		516865892B53C5A80017316B /* AQINotify.swift */ = {isa = PBXFileReference; lastKnownFileType = sourcecode.swift; path = AQINotify.swift; sourceTree = "<group>"; };
		518039572B5D12DB00F536E7 /* AQINotificationViewController.swift */ = {isa = PBXFileReference; lastKnownFileType = sourcecode.swift; path = AQINotificationViewController.swift; sourceTree = "<group>"; };
		518D8AE42B60DBAE0052E354 /* AQISubviewController.swift */ = {isa = PBXFileReference; lastKnownFileType = sourcecode.swift; path = AQISubviewController.swift; sourceTree = "<group>"; };
		518D8AE72B60E34A0052E354 /* PollutantData.xcdatamodel */ = {isa = PBXFileReference; lastKnownFileType = wrapper.xcdatamodel; path = PollutantData.xcdatamodel; sourceTree = "<group>"; };
		51A313E12B6996CB00B71041 /* progressView.swift */ = {isa = PBXFileReference; lastKnownFileType = sourcecode.swift; path = progressView.swift; sourceTree = "<group>"; };
		51A4B9F02B46859700CCF637 /* SettingsViewController.swift */ = {isa = PBXFileReference; lastKnownFileType = sourcecode.swift; path = SettingsViewController.swift; sourceTree = "<group>"; };
		51A4B9F22B468AF700CCF637 /* ExposureViewController.swift */ = {isa = PBXFileReference; lastKnownFileType = sourcecode.swift; path = ExposureViewController.swift; sourceTree = "<group>"; };
		51A4B9F42B468E6600CCF637 /* ParseAQI.swift */ = {isa = PBXFileReference; lastKnownFileType = sourcecode.swift; path = ParseAQI.swift; sourceTree = "<group>"; };
		51C57AE32B6A0C0C00B114AF /* UVMeter.swift */ = {isa = PBXFileReference; lastKnownFileType = sourcecode.swift; path = UVMeter.swift; sourceTree = "<group>"; };
		51C57AE52B6D8EEF00B114AF /* FullAQIView.swift */ = {isa = PBXFileReference; lastKnownFileType = sourcecode.swift; path = FullAQIView.swift; sourceTree = "<group>"; };
/* End PBXFileReference section */

/* Begin PBXFrameworksBuildPhase section */
		516232C12B41657700186E99 /* Frameworks */ = {
			isa = PBXFrameworksBuildPhase;
			buildActionMask = 2147483647;
			files = (
				51518B582B50B55A0001BE11 /* SQLite in Frameworks */,
			);
			runOnlyForDeploymentPostprocessing = 0;
		};
		516232D72B41657800186E99 /* Frameworks */ = {
			isa = PBXFrameworksBuildPhase;
			buildActionMask = 2147483647;
			files = (
			);
			runOnlyForDeploymentPostprocessing = 0;
		};
		516232E12B41657800186E99 /* Frameworks */ = {
			isa = PBXFrameworksBuildPhase;
			buildActionMask = 2147483647;
			files = (
			);
			runOnlyForDeploymentPostprocessing = 0;
		};
/* End PBXFrameworksBuildPhase section */

/* Begin PBXGroup section */
		516232BB2B41657700186E99 = {
			isa = PBXGroup;
			children = (
				516232C62B41657700186E99 /* ARMS App */,
				516232DD2B41657800186E99 /* ARMS AppTests */,
				516232E72B41657800186E99 /* ARMS AppUITests */,
				516232C52B41657700186E99 /* Products */,
			);
			sourceTree = "<group>";
		};
		516232C52B41657700186E99 /* Products */ = {
			isa = PBXGroup;
			children = (
				516232C42B41657700186E99 /* ARMS App.app */,
				516232DA2B41657800186E99 /* ARMS AppTests.xctest */,
				516232E42B41657800186E99 /* ARMS AppUITests.xctest */,
			);
			name = Products;
			sourceTree = "<group>";
		};
		516232C62B41657700186E99 /* ARMS App */ = {
			isa = PBXGroup;
			children = (
				516865822B50BB150017316B /* ARMS App.entitlements */,
				51A313E32B69A45F00B71041 /* SwiftUI */,
				51A4B9EF2B450F1800CCF637 /* View */,
				51A4B9ED2B450EDA00CCF637 /* Controllers */,
				51A4B9EE2B450EFE00CCF637 /* Model */,
				516232CD2B41657700186E99 /* Main.storyboard */,
				518D8AE62B60E34A0052E354 /* PollutantData.xcdatamodeld */,
				516232D02B41657800186E99 /* Assets.xcassets */,
				516232D22B41657800186E99 /* LaunchScreen.storyboard */,
				516232D52B41657800186E99 /* Info.plist */,
			);
			path = "ARMS App";
			sourceTree = "<group>";
		};
		516232DD2B41657800186E99 /* ARMS AppTests */ = {
			isa = PBXGroup;
			children = (
				516232DE2B41657800186E99 /* ARMS_AppTests.swift */,
			);
			path = "ARMS AppTests";
			sourceTree = "<group>";
		};
		516232E72B41657800186E99 /* ARMS AppUITests */ = {
			isa = PBXGroup;
			children = (
				516232E82B41657800186E99 /* ARMS_AppUITests.swift */,
				516232EA2B41657800186E99 /* ARMS_AppUITestsLaunchTests.swift */,
			);
			path = "ARMS AppUITests";
			sourceTree = "<group>";
		};
		51A313E32B69A45F00B71041 /* SwiftUI */ = {
			isa = PBXGroup;
			children = (
				51A313E12B6996CB00B71041 /* progressView.swift */,
				51C57AE52B6D8EEF00B114AF /* FullAQIView.swift */,
				51C57AE32B6A0C0C00B114AF /* UVMeter.swift */,
			);
			path = SwiftUI;
			sourceTree = "<group>";
		};
		51A4B9ED2B450EDA00CCF637 /* Controllers */ = {
			isa = PBXGroup;
			children = (
				5134E6172B4D331D00AD9F01 /* TabViewController.swift */,
				518039572B5D12DB00F536E7 /* AQINotificationViewController.swift */,
				516232CB2B41657700186E99 /* HomeViewController.swift */,
				516865872B53B4BB0017316B /* NewUserViewController.swift */,
				51A4B9F22B468AF700CCF637 /* ExposureViewController.swift */,
				51A4B9F02B46859700CCF637 /* SettingsViewController.swift */,
				518D8AE42B60DBAE0052E354 /* AQISubviewController.swift */,
				510AA4282B64E07A00D3A78B /* UVSubviewController.swift */,
				510AA42A2B64E96C00D3A78B /* PageViewController.swift */,
			);
			path = Controllers;
			sourceTree = "<group>";
		};
		51A4B9EE2B450EFE00CCF637 /* Model */ = {
			isa = PBXGroup;
			children = (
				516232F72B420DB500186E99 /* CBUUIDs.swift */,
				516232F92B42832500186E99 /* CircularProgressBarView.swift */,
				516865832B50DC5D0017316B /* ICloudManager.swift */,
				5133D4992B4F24DE0024419F /* GradientView.swift */,
				516865892B53C5A80017316B /* AQINotify.swift */,
				5134E6152B4B947A00AD9F01 /* BLEManager.swift */,
				5134E6112B4A57A900AD9F01 /* User.swift */,
				516865852B5102640017316B /* Thresholds.swift */,
				5134E6132B4A5B7700AD9F01 /* Pollutant.swift */,
				51A4B9F42B468E6600CCF637 /* ParseAQI.swift */,
			);
			path = Model;
			sourceTree = "<group>";
		};
		51A4B9EF2B450F1800CCF637 /* View */ = {
			isa = PBXGroup;
			children = (
				516232C72B41657700186E99 /* AppDelegate.swift */,
				516232C92B41657700186E99 /* SceneDelegate.swift */,
			);
			path = View;
			sourceTree = "<group>";
		};
/* End PBXGroup section */

/* Begin PBXNativeTarget section */
		516232C32B41657700186E99 /* ARMS App */ = {
			isa = PBXNativeTarget;
			buildConfigurationList = 516232EE2B41657800186E99 /* Build configuration list for PBXNativeTarget "ARMS App" */;
			buildPhases = (
				516232C02B41657700186E99 /* Sources */,
				516232C12B41657700186E99 /* Frameworks */,
				516232C22B41657700186E99 /* Resources */,
			);
			buildRules = (
			);
			dependencies = (
			);
			name = "ARMS App";
			packageProductDependencies = (
				51518B572B50B55A0001BE11 /* SQLite */,
			);
			productName = "ARMS App";
			productReference = 516232C42B41657700186E99 /* ARMS App.app */;
			productType = "com.apple.product-type.application";
		};
		516232D92B41657800186E99 /* ARMS AppTests */ = {
			isa = PBXNativeTarget;
			buildConfigurationList = 516232F12B41657800186E99 /* Build configuration list for PBXNativeTarget "ARMS AppTests" */;
			buildPhases = (
				516232D62B41657800186E99 /* Sources */,
				516232D72B41657800186E99 /* Frameworks */,
				516232D82B41657800186E99 /* Resources */,
			);
			buildRules = (
			);
			dependencies = (
				516232DC2B41657800186E99 /* PBXTargetDependency */,
			);
			name = "ARMS AppTests";
			productName = "ARMS AppTests";
			productReference = 516232DA2B41657800186E99 /* ARMS AppTests.xctest */;
			productType = "com.apple.product-type.bundle.unit-test";
		};
		516232E32B41657800186E99 /* ARMS AppUITests */ = {
			isa = PBXNativeTarget;
			buildConfigurationList = 516232F42B41657800186E99 /* Build configuration list for PBXNativeTarget "ARMS AppUITests" */;
			buildPhases = (
				516232E02B41657800186E99 /* Sources */,
				516232E12B41657800186E99 /* Frameworks */,
				516232E22B41657800186E99 /* Resources */,
			);
			buildRules = (
			);
			dependencies = (
				516232E62B41657800186E99 /* PBXTargetDependency */,
			);
			name = "ARMS AppUITests";
			productName = "ARMS AppUITests";
			productReference = 516232E42B41657800186E99 /* ARMS AppUITests.xctest */;
			productType = "com.apple.product-type.bundle.ui-testing";
		};
/* End PBXNativeTarget section */

/* Begin PBXProject section */
		516232BC2B41657700186E99 /* Project object */ = {
			isa = PBXProject;
			attributes = {
				BuildIndependentTargetsInParallel = 1;
				LastSwiftUpdateCheck = 1510;
				LastUpgradeCheck = 1510;
				TargetAttributes = {
					516232C32B41657700186E99 = {
						CreatedOnToolsVersion = 15.1;
					};
					516232D92B41657800186E99 = {
						CreatedOnToolsVersion = 15.1;
						TestTargetID = 516232C32B41657700186E99;
					};
					516232E32B41657800186E99 = {
						CreatedOnToolsVersion = 15.1;
						TestTargetID = 516232C32B41657700186E99;
					};
				};
			};
			buildConfigurationList = 516232BF2B41657700186E99 /* Build configuration list for PBXProject "ARMS App" */;
			compatibilityVersion = "Xcode 14.0";
			developmentRegion = en;
			hasScannedForEncodings = 0;
			knownRegions = (
				en,
				Base,
			);
			mainGroup = 516232BB2B41657700186E99;
			packageReferences = (
				51518B562B50B55A0001BE11 /* XCRemoteSwiftPackageReference "SQLite.swift" */,
			);
			productRefGroup = 516232C52B41657700186E99 /* Products */;
			projectDirPath = "";
			projectRoot = "";
			targets = (
				516232C32B41657700186E99 /* ARMS App */,
				516232D92B41657800186E99 /* ARMS AppTests */,
				516232E32B41657800186E99 /* ARMS AppUITests */,
			);
		};
/* End PBXProject section */

/* Begin PBXResourcesBuildPhase section */
		516232C22B41657700186E99 /* Resources */ = {
			isa = PBXResourcesBuildPhase;
			buildActionMask = 2147483647;
			files = (
				516232D42B41657800186E99 /* LaunchScreen.storyboard in Resources */,
				516232D12B41657800186E99 /* Assets.xcassets in Resources */,
				516232CF2B41657700186E99 /* Main.storyboard in Resources */,
			);
			runOnlyForDeploymentPostprocessing = 0;
		};
		516232D82B41657800186E99 /* Resources */ = {
			isa = PBXResourcesBuildPhase;
			buildActionMask = 2147483647;
			files = (
			);
			runOnlyForDeploymentPostprocessing = 0;
		};
		516232E22B41657800186E99 /* Resources */ = {
			isa = PBXResourcesBuildPhase;
			buildActionMask = 2147483647;
			files = (
			);
			runOnlyForDeploymentPostprocessing = 0;
		};
/* End PBXResourcesBuildPhase section */

/* Begin PBXSourcesBuildPhase section */
		516232C02B41657700186E99 /* Sources */ = {
			isa = PBXSourcesBuildPhase;
			buildActionMask = 2147483647;
			files = (
				51C57AE42B6A0C0C00B114AF /* UVMeter.swift in Sources */,
				510AA4292B64E07A00D3A78B /* UVSubviewController.swift in Sources */,
				51C57AE62B6D8EEF00B114AF /* FullAQIView.swift in Sources */,
				5134E6182B4D331D00AD9F01 /* TabViewController.swift in Sources */,
				518D8AE52B60DBAE0052E354 /* AQISubviewController.swift in Sources */,
				516232CC2B41657700186E99 /* HomeViewController.swift in Sources */,
				518D8AE82B60E34A0052E354 /* PollutantData.xcdatamodeld in Sources */,
				51A313E22B6996CB00B71041 /* progressView.swift in Sources */,
				516232C82B41657700186E99 /* AppDelegate.swift in Sources */,
				518039582B5D12DB00F536E7 /* AQINotificationViewController.swift in Sources */,
				5168658A2B53C5A80017316B /* AQINotify.swift in Sources */,
				516865842B50DC5D0017316B /* ICloudManager.swift in Sources */,
				516232CA2B41657700186E99 /* SceneDelegate.swift in Sources */,
				516232F82B420DB500186E99 /* CBUUIDs.swift in Sources */,
				5134E6162B4B947A00AD9F01 /* BLEManager.swift in Sources */,
				5134E6142B4A5B7700AD9F01 /* Pollutant.swift in Sources */,
				510AA42B2B64E96C00D3A78B /* PageViewController.swift in Sources */,
				5134E6122B4A57A900AD9F01 /* User.swift in Sources */,
				51A4B9F32B468AF700CCF637 /* ExposureViewController.swift in Sources */,
				516232FA2B42832500186E99 /* CircularProgressBarView.swift in Sources */,
				5133D49A2B4F24DE0024419F /* GradientView.swift in Sources */,
				51A4B9F12B46859700CCF637 /* SettingsViewController.swift in Sources */,
				516865862B5102640017316B /* Thresholds.swift in Sources */,
				516865882B53B4BB0017316B /* NewUserViewController.swift in Sources */,
				51A4B9F52B468E6600CCF637 /* ParseAQI.swift in Sources */,
			);
			runOnlyForDeploymentPostprocessing = 0;
		};
		516232D62B41657800186E99 /* Sources */ = {
			isa = PBXSourcesBuildPhase;
			buildActionMask = 2147483647;
			files = (
				516232DF2B41657800186E99 /* ARMS_AppTests.swift in Sources */,
			);
			runOnlyForDeploymentPostprocessing = 0;
		};
		516232E02B41657800186E99 /* Sources */ = {
			isa = PBXSourcesBuildPhase;
			buildActionMask = 2147483647;
			files = (
				516232EB2B41657800186E99 /* ARMS_AppUITestsLaunchTests.swift in Sources */,
				516232E92B41657800186E99 /* ARMS_AppUITests.swift in Sources */,
			);
			runOnlyForDeploymentPostprocessing = 0;
		};
/* End PBXSourcesBuildPhase section */

/* Begin PBXTargetDependency section */
		516232DC2B41657800186E99 /* PBXTargetDependency */ = {
			isa = PBXTargetDependency;
			target = 516232C32B41657700186E99 /* ARMS App */;
			targetProxy = 516232DB2B41657800186E99 /* PBXContainerItemProxy */;
		};
		516232E62B41657800186E99 /* PBXTargetDependency */ = {
			isa = PBXTargetDependency;
			target = 516232C32B41657700186E99 /* ARMS App */;
			targetProxy = 516232E52B41657800186E99 /* PBXContainerItemProxy */;
		};
/* End PBXTargetDependency section */

/* Begin PBXVariantGroup section */
		516232CD2B41657700186E99 /* Main.storyboard */ = {
			isa = PBXVariantGroup;
			children = (
				516232CE2B41657700186E99 /* Base */,
			);
			name = Main.storyboard;
			sourceTree = "<group>";
		};
		516232D22B41657800186E99 /* LaunchScreen.storyboard */ = {
			isa = PBXVariantGroup;
			children = (
				516232D32B41657800186E99 /* Base */,
			);
			name = LaunchScreen.storyboard;
			sourceTree = "<group>";
		};
/* End PBXVariantGroup section */

/* Begin XCBuildConfiguration section */
		516232EC2B41657800186E99 /* Debug */ = {
			isa = XCBuildConfiguration;
			buildSettings = {
				ALWAYS_SEARCH_USER_PATHS = NO;
				ASSETCATALOG_COMPILER_GENERATE_SWIFT_ASSET_SYMBOL_EXTENSIONS = YES;
				CLANG_ANALYZER_NONNULL = YES;
				CLANG_ANALYZER_NUMBER_OBJECT_CONVERSION = YES_AGGRESSIVE;
				CLANG_CXX_LANGUAGE_STANDARD = "gnu++20";
				CLANG_ENABLE_MODULES = YES;
				CLANG_ENABLE_OBJC_ARC = YES;
				CLANG_ENABLE_OBJC_WEAK = YES;
				CLANG_WARN_BLOCK_CAPTURE_AUTORELEASING = YES;
				CLANG_WARN_BOOL_CONVERSION = YES;
				CLANG_WARN_COMMA = YES;
				CLANG_WARN_CONSTANT_CONVERSION = YES;
				CLANG_WARN_DEPRECATED_OBJC_IMPLEMENTATIONS = YES;
				CLANG_WARN_DIRECT_OBJC_ISA_USAGE = YES_ERROR;
				CLANG_WARN_DOCUMENTATION_COMMENTS = YES;
				CLANG_WARN_EMPTY_BODY = YES;
				CLANG_WARN_ENUM_CONVERSION = YES;
				CLANG_WARN_INFINITE_RECURSION = YES;
				CLANG_WARN_INT_CONVERSION = YES;
				CLANG_WARN_NON_LITERAL_NULL_CONVERSION = YES;
				CLANG_WARN_OBJC_IMPLICIT_RETAIN_SELF = YES;
				CLANG_WARN_OBJC_LITERAL_CONVERSION = YES;
				CLANG_WARN_OBJC_ROOT_CLASS = YES_ERROR;
				CLANG_WARN_QUOTED_INCLUDE_IN_FRAMEWORK_HEADER = YES;
				CLANG_WARN_RANGE_LOOP_ANALYSIS = YES;
				CLANG_WARN_STRICT_PROTOTYPES = YES;
				CLANG_WARN_SUSPICIOUS_MOVE = YES;
				CLANG_WARN_UNGUARDED_AVAILABILITY = YES_AGGRESSIVE;
				CLANG_WARN_UNREACHABLE_CODE = YES;
				CLANG_WARN__DUPLICATE_METHOD_MATCH = YES;
				COPY_PHASE_STRIP = NO;
				DEBUG_INFORMATION_FORMAT = dwarf;
				ENABLE_STRICT_OBJC_MSGSEND = YES;
				ENABLE_TESTABILITY = YES;
				ENABLE_USER_SCRIPT_SANDBOXING = YES;
				GCC_C_LANGUAGE_STANDARD = gnu17;
				GCC_DYNAMIC_NO_PIC = NO;
				GCC_NO_COMMON_BLOCKS = YES;
				GCC_OPTIMIZATION_LEVEL = 0;
				GCC_PREPROCESSOR_DEFINITIONS = (
					"DEBUG=1",
					"$(inherited)",
				);
				GCC_WARN_64_TO_32_BIT_CONVERSION = YES;
				GCC_WARN_ABOUT_RETURN_TYPE = YES_ERROR;
				GCC_WARN_UNDECLARED_SELECTOR = YES;
				GCC_WARN_UNINITIALIZED_AUTOS = YES_AGGRESSIVE;
				GCC_WARN_UNUSED_FUNCTION = YES;
				GCC_WARN_UNUSED_VARIABLE = YES;
				IPHONEOS_DEPLOYMENT_TARGET = 17.2;
				LOCALIZATION_PREFERS_STRING_CATALOGS = YES;
				MTL_ENABLE_DEBUG_INFO = INCLUDE_SOURCE;
				MTL_FAST_MATH = YES;
				ONLY_ACTIVE_ARCH = YES;
				SDKROOT = iphoneos;
				SWIFT_ACTIVE_COMPILATION_CONDITIONS = "DEBUG $(inherited)";
				SWIFT_OPTIMIZATION_LEVEL = "-Onone";
			};
			name = Debug;
		};
		516232ED2B41657800186E99 /* Release */ = {
			isa = XCBuildConfiguration;
			buildSettings = {
				ALWAYS_SEARCH_USER_PATHS = NO;
				ASSETCATALOG_COMPILER_GENERATE_SWIFT_ASSET_SYMBOL_EXTENSIONS = YES;
				CLANG_ANALYZER_NONNULL = YES;
				CLANG_ANALYZER_NUMBER_OBJECT_CONVERSION = YES_AGGRESSIVE;
				CLANG_CXX_LANGUAGE_STANDARD = "gnu++20";
				CLANG_ENABLE_MODULES = YES;
				CLANG_ENABLE_OBJC_ARC = YES;
				CLANG_ENABLE_OBJC_WEAK = YES;
				CLANG_WARN_BLOCK_CAPTURE_AUTORELEASING = YES;
				CLANG_WARN_BOOL_CONVERSION = YES;
				CLANG_WARN_COMMA = YES;
				CLANG_WARN_CONSTANT_CONVERSION = YES;
				CLANG_WARN_DEPRECATED_OBJC_IMPLEMENTATIONS = YES;
				CLANG_WARN_DIRECT_OBJC_ISA_USAGE = YES_ERROR;
				CLANG_WARN_DOCUMENTATION_COMMENTS = YES;
				CLANG_WARN_EMPTY_BODY = YES;
				CLANG_WARN_ENUM_CONVERSION = YES;
				CLANG_WARN_INFINITE_RECURSION = YES;
				CLANG_WARN_INT_CONVERSION = YES;
				CLANG_WARN_NON_LITERAL_NULL_CONVERSION = YES;
				CLANG_WARN_OBJC_IMPLICIT_RETAIN_SELF = YES;
				CLANG_WARN_OBJC_LITERAL_CONVERSION = YES;
				CLANG_WARN_OBJC_ROOT_CLASS = YES_ERROR;
				CLANG_WARN_QUOTED_INCLUDE_IN_FRAMEWORK_HEADER = YES;
				CLANG_WARN_RANGE_LOOP_ANALYSIS = YES;
				CLANG_WARN_STRICT_PROTOTYPES = YES;
				CLANG_WARN_SUSPICIOUS_MOVE = YES;
				CLANG_WARN_UNGUARDED_AVAILABILITY = YES_AGGRESSIVE;
				CLANG_WARN_UNREACHABLE_CODE = YES;
				CLANG_WARN__DUPLICATE_METHOD_MATCH = YES;
				COPY_PHASE_STRIP = NO;
				DEBUG_INFORMATION_FORMAT = "dwarf-with-dsym";
				ENABLE_NS_ASSERTIONS = NO;
				ENABLE_STRICT_OBJC_MSGSEND = YES;
				ENABLE_USER_SCRIPT_SANDBOXING = YES;
				GCC_C_LANGUAGE_STANDARD = gnu17;
				GCC_NO_COMMON_BLOCKS = YES;
				GCC_WARN_64_TO_32_BIT_CONVERSION = YES;
				GCC_WARN_ABOUT_RETURN_TYPE = YES_ERROR;
				GCC_WARN_UNDECLARED_SELECTOR = YES;
				GCC_WARN_UNINITIALIZED_AUTOS = YES_AGGRESSIVE;
				GCC_WARN_UNUSED_FUNCTION = YES;
				GCC_WARN_UNUSED_VARIABLE = YES;
				IPHONEOS_DEPLOYMENT_TARGET = 17.2;
				LOCALIZATION_PREFERS_STRING_CATALOGS = YES;
				MTL_ENABLE_DEBUG_INFO = NO;
				MTL_FAST_MATH = YES;
				SDKROOT = iphoneos;
				SWIFT_COMPILATION_MODE = wholemodule;
				VALIDATE_PRODUCT = YES;
			};
			name = Release;
		};
		516232EF2B41657800186E99 /* Debug */ = {
			isa = XCBuildConfiguration;
			buildSettings = {
				ASSETCATALOG_COMPILER_APPICON_NAME = AppIcon;
				ASSETCATALOG_COMPILER_GLOBAL_ACCENT_COLOR_NAME = AccentColor;
				CODE_SIGN_ENTITLEMENTS = "ARMS App/ARMS App.entitlements";
				CODE_SIGN_STYLE = Automatic;
				CURRENT_PROJECT_VERSION = 1;
				DEVELOPMENT_TEAM = RYD4695XLC;
				GENERATE_INFOPLIST_FILE = YES;
				INFOPLIST_FILE = "ARMS App/Info.plist";
				INFOPLIST_KEY_NSBluetoothAlwaysUsageDescription = "Allow this app to use BLE?";
				INFOPLIST_KEY_NSBluetoothPeripheralUsageDescription = "Allow to connect to peripherals?";
				INFOPLIST_KEY_UIApplicationSupportsIndirectInputEvents = YES;
				INFOPLIST_KEY_UILaunchStoryboardName = LaunchScreen;
				INFOPLIST_KEY_UIMainStoryboardFile = Main;
				INFOPLIST_KEY_UISupportedInterfaceOrientations_iPad = "UIInterfaceOrientationPortrait UIInterfaceOrientationPortraitUpsideDown UIInterfaceOrientationLandscapeLeft UIInterfaceOrientationLandscapeRight";
				INFOPLIST_KEY_UISupportedInterfaceOrientations_iPhone = "UIInterfaceOrientationPortrait UIInterfaceOrientationLandscapeLeft UIInterfaceOrientationLandscapeRight";
				IPHONEOS_DEPLOYMENT_TARGET = 17.0;
				LD_RUNPATH_SEARCH_PATHS = (
					"$(inherited)",
					"@executable_path/Frameworks",
				);
				MARKETING_VERSION = 1.0;
				PRODUCT_BUNDLE_IDENTIFIER = "com.RidwanAlrefai.ARMS-App";
				PRODUCT_NAME = "$(TARGET_NAME)";
				SUPPORTED_PLATFORMS = "iphoneos iphonesimulator";
				SUPPORTS_MACCATALYST = NO;
				SUPPORTS_MAC_DESIGNED_FOR_IPHONE_IPAD = NO;
				SWIFT_EMIT_LOC_STRINGS = YES;
				SWIFT_VERSION = 5.0;
				TARGETED_DEVICE_FAMILY = 1;
			};
			name = Debug;
		};
		516232F02B41657800186E99 /* Release */ = {
			isa = XCBuildConfiguration;
			buildSettings = {
				ASSETCATALOG_COMPILER_APPICON_NAME = AppIcon;
				ASSETCATALOG_COMPILER_GLOBAL_ACCENT_COLOR_NAME = AccentColor;
				CODE_SIGN_ENTITLEMENTS = "ARMS App/ARMS App.entitlements";
				CODE_SIGN_STYLE = Automatic;
				CURRENT_PROJECT_VERSION = 1;
				DEVELOPMENT_TEAM = RYD4695XLC;
				GENERATE_INFOPLIST_FILE = YES;
				INFOPLIST_FILE = "ARMS App/Info.plist";
				INFOPLIST_KEY_NSBluetoothAlwaysUsageDescription = "Allow this app to use BLE?";
				INFOPLIST_KEY_NSBluetoothPeripheralUsageDescription = "Allow to connect to peripherals?";
				INFOPLIST_KEY_UIApplicationSupportsIndirectInputEvents = YES;
				INFOPLIST_KEY_UILaunchStoryboardName = LaunchScreen;
				INFOPLIST_KEY_UIMainStoryboardFile = Main;
				INFOPLIST_KEY_UISupportedInterfaceOrientations_iPad = "UIInterfaceOrientationPortrait UIInterfaceOrientationPortraitUpsideDown UIInterfaceOrientationLandscapeLeft UIInterfaceOrientationLandscapeRight";
				INFOPLIST_KEY_UISupportedInterfaceOrientations_iPhone = "UIInterfaceOrientationPortrait UIInterfaceOrientationLandscapeLeft UIInterfaceOrientationLandscapeRight";
				IPHONEOS_DEPLOYMENT_TARGET = 17.0;
				LD_RUNPATH_SEARCH_PATHS = (
					"$(inherited)",
					"@executable_path/Frameworks",
				);
				MARKETING_VERSION = 1.0;
				PRODUCT_BUNDLE_IDENTIFIER = "com.RidwanAlrefai.ARMS-App";
				PRODUCT_NAME = "$(TARGET_NAME)";
				SUPPORTED_PLATFORMS = "iphoneos iphonesimulator";
				SUPPORTS_MACCATALYST = NO;
				SUPPORTS_MAC_DESIGNED_FOR_IPHONE_IPAD = NO;
				SWIFT_EMIT_LOC_STRINGS = YES;
				SWIFT_VERSION = 5.0;
				TARGETED_DEVICE_FAMILY = 1;
			};
			name = Release;
		};
		516232F22B41657800186E99 /* Debug */ = {
			isa = XCBuildConfiguration;
			buildSettings = {
				ALWAYS_EMBED_SWIFT_STANDARD_LIBRARIES = YES;
				BUNDLE_LOADER = "$(TEST_HOST)";
				CODE_SIGN_STYLE = Automatic;
				CURRENT_PROJECT_VERSION = 1;
				DEVELOPMENT_TEAM = RYD4695XLC;
				GENERATE_INFOPLIST_FILE = YES;
				IPHONEOS_DEPLOYMENT_TARGET = 17.2;
				MARKETING_VERSION = 1.0;
				PRODUCT_BUNDLE_IDENTIFIER = "com.RidwanAlrefai.ARMS-AppTests";
				PRODUCT_NAME = "$(TARGET_NAME)";
				SWIFT_EMIT_LOC_STRINGS = NO;
				SWIFT_VERSION = 5.0;
				TARGETED_DEVICE_FAMILY = "1,2";
				TEST_HOST = "$(BUILT_PRODUCTS_DIR)/ARMS App.app/$(BUNDLE_EXECUTABLE_FOLDER_PATH)/ARMS App";
			};
			name = Debug;
		};
		516232F32B41657800186E99 /* Release */ = {
			isa = XCBuildConfiguration;
			buildSettings = {
				ALWAYS_EMBED_SWIFT_STANDARD_LIBRARIES = YES;
				BUNDLE_LOADER = "$(TEST_HOST)";
				CODE_SIGN_STYLE = Automatic;
				CURRENT_PROJECT_VERSION = 1;
				DEVELOPMENT_TEAM = RYD4695XLC;
				GENERATE_INFOPLIST_FILE = YES;
				IPHONEOS_DEPLOYMENT_TARGET = 17.2;
				MARKETING_VERSION = 1.0;
				PRODUCT_BUNDLE_IDENTIFIER = "com.RidwanAlrefai.ARMS-AppTests";
				PRODUCT_NAME = "$(TARGET_NAME)";
				SWIFT_EMIT_LOC_STRINGS = NO;
				SWIFT_VERSION = 5.0;
				TARGETED_DEVICE_FAMILY = "1,2";
				TEST_HOST = "$(BUILT_PRODUCTS_DIR)/ARMS App.app/$(BUNDLE_EXECUTABLE_FOLDER_PATH)/ARMS App";
			};
			name = Release;
		};
		516232F52B41657800186E99 /* Debug */ = {
			isa = XCBuildConfiguration;
			buildSettings = {
				ALWAYS_EMBED_SWIFT_STANDARD_LIBRARIES = YES;
				CODE_SIGN_STYLE = Automatic;
				CURRENT_PROJECT_VERSION = 1;
				DEVELOPMENT_TEAM = RYD4695XLC;
				GENERATE_INFOPLIST_FILE = YES;
				MARKETING_VERSION = 1.0;
				PRODUCT_BUNDLE_IDENTIFIER = "com.RidwanAlrefai.ARMS-AppUITests";
				PRODUCT_NAME = "$(TARGET_NAME)";
				SWIFT_EMIT_LOC_STRINGS = NO;
				SWIFT_VERSION = 5.0;
				TARGETED_DEVICE_FAMILY = "1,2";
				TEST_TARGET_NAME = "ARMS App";
			};
			name = Debug;
		};
		516232F62B41657800186E99 /* Release */ = {
			isa = XCBuildConfiguration;
			buildSettings = {
				ALWAYS_EMBED_SWIFT_STANDARD_LIBRARIES = YES;
				CODE_SIGN_STYLE = Automatic;
				CURRENT_PROJECT_VERSION = 1;
				DEVELOPMENT_TEAM = RYD4695XLC;
				GENERATE_INFOPLIST_FILE = YES;
				MARKETING_VERSION = 1.0;
				PRODUCT_BUNDLE_IDENTIFIER = "com.RidwanAlrefai.ARMS-AppUITests";
				PRODUCT_NAME = "$(TARGET_NAME)";
				SWIFT_EMIT_LOC_STRINGS = NO;
				SWIFT_VERSION = 5.0;
				TARGETED_DEVICE_FAMILY = "1,2";
				TEST_TARGET_NAME = "ARMS App";
			};
			name = Release;
		};
/* End XCBuildConfiguration section */

/* Begin XCConfigurationList section */
		516232BF2B41657700186E99 /* Build configuration list for PBXProject "ARMS App" */ = {
			isa = XCConfigurationList;
			buildConfigurations = (
				516232EC2B41657800186E99 /* Debug */,
				516232ED2B41657800186E99 /* Release */,
			);
			defaultConfigurationIsVisible = 0;
			defaultConfigurationName = Release;
		};
		516232EE2B41657800186E99 /* Build configuration list for PBXNativeTarget "ARMS App" */ = {
			isa = XCConfigurationList;
			buildConfigurations = (
				516232EF2B41657800186E99 /* Debug */,
				516232F02B41657800186E99 /* Release */,
			);
			defaultConfigurationIsVisible = 0;
			defaultConfigurationName = Release;
		};
		516232F12B41657800186E99 /* Build configuration list for PBXNativeTarget "ARMS AppTests" */ = {
			isa = XCConfigurationList;
			buildConfigurations = (
				516232F22B41657800186E99 /* Debug */,
				516232F32B41657800186E99 /* Release */,
			);
			defaultConfigurationIsVisible = 0;
			defaultConfigurationName = Release;
		};
		516232F42B41657800186E99 /* Build configuration list for PBXNativeTarget "ARMS AppUITests" */ = {
			isa = XCConfigurationList;
			buildConfigurations = (
				516232F52B41657800186E99 /* Debug */,
				516232F62B41657800186E99 /* Release */,
			);
			defaultConfigurationIsVisible = 0;
			defaultConfigurationName = Release;
		};
/* End XCConfigurationList section */

/* Begin XCRemoteSwiftPackageReference section */
		51518B562B50B55A0001BE11 /* XCRemoteSwiftPackageReference "SQLite.swift" */ = {
			isa = XCRemoteSwiftPackageReference;
			repositoryURL = "https://github.com/stephencelis/SQLite.swift.git";
			requirement = {
				kind = upToNextMajorVersion;
				minimumVersion = 0.14.1;
			};
		};
/* End XCRemoteSwiftPackageReference section */

/* Begin XCSwiftPackageProductDependency section */
		51518B572B50B55A0001BE11 /* SQLite */ = {
			isa = XCSwiftPackageProductDependency;
			package = 51518B562B50B55A0001BE11 /* XCRemoteSwiftPackageReference "SQLite.swift" */;
			productName = SQLite;
		};
/* End XCSwiftPackageProductDependency section */

/* Begin XCVersionGroup section */
		518D8AE62B60E34A0052E354 /* PollutantData.xcdatamodeld */ = {
			isa = XCVersionGroup;
			children = (
				518D8AE72B60E34A0052E354 /* PollutantData.xcdatamodel */,
			);
			currentVersion = 518D8AE72B60E34A0052E354 /* PollutantData.xcdatamodel */;
			path = PollutantData.xcdatamodeld;
			sourceTree = "<group>";
			versionGroupType = wrapper.xcdatamodel;
		};
/* End XCVersionGroup section */
	};
	rootObject = 516232BC2B41657700186E99 /* Project object */;
}
